#MicroXplorer Configuration settings - do not modify
File.Version=5
KeepUserPlacement=false
Mcu.Family=STM32F4
Mcu.IP0=I2C1
Mcu.IP1=NVIC
Mcu.IP2=RCC
Mcu.IP3=SYS
Mcu.IPNb=4
Mcu.Name=STM32F407V(E-G)Tx
Mcu.Package=LQFP100
Mcu.Pin0=PH0-OSC_IN
Mcu.Pin1=PH1-OSC_OUT
Mcu.Pin10=PB7
Mcu.Pin2=PD12
Mcu.Pin3=PD13
Mcu.Pin4=PD14
Mcu.Pin5=PD15
Mcu.Pin6=PA8
Mcu.Pin7=PA13
Mcu.Pin8=PA14
Mcu.Pin9=PB6
Mcu.PinsNb=11
Mcu.UserConstants=
Mcu.UserName=STM32F407VGTx
MxCube.Version=4.12.0
MxDb.Version=DB.4.0.120
NVIC.PriorityGroup=NVIC_PRIORITYGROUP_4
NVIC.SysTick_IRQn=true\:0\:0\:false
PA13.Mode=Serial-Wire
PA13.Signal=SYS_JTMS-SWDIO
PA14.Mode=Serial-Wire
PA14.Signal=SYS_JTCK-SWCLK
PA8.GPIOParameters=GPIO_Label
PA8.GPIO_Label=XCLK
PA8.Mode=Clock-out-1
PA8.Signal=RCC_MCO_1
PB6.Mode=I2C
PB6.Signal=I2C1_SCL
PB7.Mode=I2C
PB7.Signal=I2C1_SDA
PCC.Checker=false
PCC.Line=STM32F407/417
PCC.MCU=STM32F407V(E-G)Tx
PCC.MXVersion=4.12.0
PCC.PartNumber=STM32F407VGTx
PCC.Seq0=0
PCC.Series=STM32F4
PCC.Temperature=25
PCC.Vdd=3.3
PD12.GPIOParameters=GPIO_Label
PD12.GPIO_Label=GREEN_LED
PD12.Locked=true
PD12.Signal=GPIO_Output
PD13.GPIOParameters=GPIO_Label
PD13.GPIO_Label=ORANGE_LED
PD13.Locked=true
PD13.Signal=GPIO_Output
PD14.GPIOParameters=GPIO_Label
PD14.GPIO_Label=RED_LED
PD14.Locked=true
PD14.Signal=GPIO_Output
PD15.GPIOParameters=GPIO_Label
PD15.GPIO_Label=BLUE_LED
PD15.Locked=true
PD15.Signal=GPIO_Output
PH0-OSC_IN.Mode=HSE-External-Oscillator
PH0-OSC_IN.Signal=RCC_OSC_IN
PH1-OSC_OUT.Mode=HSE-External-Oscillator
PH1-OSC_OUT.Signal=RCC_OSC_OUT
ProjectManager.AskForMigrate=true
ProjectManager.BackupPrevious=false
ProjectManager.CompilerOptimize=2
ProjectManager.ComputerToolchain=false
ProjectManager.CoupleFile=true
ProjectManager.DeletePrevious=true
ProjectManager.DeviceId=STM32F407VGTx
ProjectManager.FirmwarePackage=STM32Cube FW_F4 V1.10.1
ProjectManager.FreePins=false
ProjectManager.HalAssertFull=false
ProjectManager.KeepUserCode=true
ProjectManager.LastFirmware=true
ProjectManager.LibraryCopy=0
ProjectManager.ProjectBuild=false
ProjectManager.ProjectFileName=cameraInit.ioc
ProjectManager.ProjectName=cameraInit
ProjectManager.TargetToolchain=SW4STM32
ProjectManager.ToolChainLocation=
RCC.48MHZClocksFreq_Value=48000000
RCC.AHBFreq_Value=16000000
RCC.APB1Freq_Value=16000000
RCC.APB1TimFreq_Value=16000000
RCC.APB2Freq_Value=16000000
RCC.APB2TimFreq_Value=16000000
RCC.CortexFreq_Value=16000000
RCC.EthernetFreq_Value=16000000
RCC.FCLKCortexFreq_Value=16000000
RCC.FamilyName=M
RCC.HCLKFreq_Value=16000000
RCC.HSE_VALUE=8000000
RCC.HSI_VALUE=16000000
RCC.I2SClocksFreq_Value=96000000
RCC.IPParameters=FamilyName,HSI_VALUE,LSI_VALUE,RTCFreq_Value,LSE_VALUE,VCOInputFreq_Value,VCOOutputFreq_Value,PLLCLKFreq_Value,PLLQCLKFreq_Value,VCOI2SOutputFreq_Value,VcooutputI2S,I2SClocksFreq_Value,HSE_VALUE,RTCHSEDivFreq_Value,SYSCLKFreq_VALUE,AHBFreq_Value,CortexFreq_Value,APB1Freq_Value,APB2Freq_Value,48MHZClocksFreq_Value,MCO1PinFreq_Value,HCLKFreq_Value,FCLKCortexFreq_Value,APB1TimFreq_Value,APB2TimFreq_Value,EthernetFreq_Value,MCO2PinFreq_Value,RCC_MCO1Source,RCC_MCODiv1
RCC.LSE_VALUE=32768
RCC.LSI_VALUE=32000
RCC.MCO1PinFreq_Value=24000000
RCC.MCO2PinFreq_Value=16000000
RCC.PLLCLKFreq_Value=96000000
RCC.PLLQCLKFreq_Value=48000000
RCC.RCC_MCO1Source=RCC_MCO1SOURCE_PLLCLK
RCC.RCC_MCODiv1=RCC_MCODIV_4
RCC.RTCFreq_Value=32000
RCC.RTCHSEDivFreq_Value=4000000
RCC.SYSCLKFreq_VALUE=16000000
RCC.VCOI2SOutputFreq_Value=192000000
RCC.VCOInputFreq_Value=1000000
RCC.VCOOutputFreq_Value=192000000
RCC.VcooutputI2S=96000000
board=cameraInit
