#MicroXplorer Configuration settings - do not modify
File.Version=5
KeepUserPlacement=false
Mcu.Family=STM32F4
Mcu.IP0=DCMI
Mcu.IP1=I2C1
Mcu.IP2=NVIC
Mcu.IP3=RCC
Mcu.IP4=SPI1
Mcu.IP5=USART2
Mcu.IP6=USB_DEVICE
Mcu.IP7=USB_OTG_FS
Mcu.IPNb=8
Mcu.Name=STM32F407V(E-G)Tx
Mcu.Package=LQFP100
Mcu.Pin0=PE4
Mcu.Pin1=PE5
Mcu.Pin10=PA6
Mcu.Pin11=PA7
Mcu.Pin12=PC4
Mcu.Pin13=PD8
Mcu.Pin14=PD9
Mcu.Pin15=PD12
Mcu.Pin16=PD13
Mcu.Pin17=PD14
Mcu.Pin18=PD15
Mcu.Pin19=PC6
Mcu.Pin2=PE6
Mcu.Pin20=PC7
Mcu.Pin21=PC8
Mcu.Pin22=PC9
Mcu.Pin23=PA8
Mcu.Pin24=PA9
Mcu.Pin25=PA11
Mcu.Pin26=PA12
Mcu.Pin27=PB4
Mcu.Pin28=PB6
Mcu.Pin29=PB7
Mcu.Pin3=PH0-OSC_IN
Mcu.Pin30=PB8
Mcu.Pin31=PB9
Mcu.Pin32=VP_USB_DEVICE_VS_USB_DEVICE_CDC_FS
Mcu.Pin4=PH1-OSC_OUT
Mcu.Pin5=PA0-WKUP
Mcu.Pin6=PA2
Mcu.Pin7=PA3
Mcu.Pin8=PA4
Mcu.Pin9=PA5
Mcu.PinsNb=33
Mcu.UserConstants=
Mcu.UserName=STM32F407VGTx
MxCube.Version=4.12.0
MxDb.Version=DB.4.0.120
NVIC.OTG_FS_IRQn=true\:0\:0\:false
NVIC.PriorityGroup=NVIC_PRIORITYGROUP_4
NVIC.SysTick_IRQn=true\:0\:0\:false
PA0-WKUP.GPIOParameters=GPIO_PuPd,GPIO_Label
PA0-WKUP.GPIO_Label=USER_PB
PA0-WKUP.GPIO_PuPd=GPIO_PULLDOWN
PA0-WKUP.Locked=true
PA0-WKUP.Signal=GPIO_Input
PA11.Mode=Device_Only
PA11.Signal=USB_OTG_FS_DM
PA12.Mode=Device_Only
PA12.Signal=USB_OTG_FS_DP
PA2.Mode=Asynchronous
PA2.Signal=USART2_TX
PA3.Mode=Asynchronous
PA3.Signal=USART2_RX
PA4.Mode=Slave_8_bits_External_Synchro
PA4.Signal=DCMI_HSYNC
PA5.Mode=Full_Duplex_Master
PA5.Signal=SPI1_SCK
PA6.Mode=Slave_8_bits_External_Synchro
PA6.Signal=DCMI_PIXCK
PA7.Mode=Full_Duplex_Master
PA7.Signal=SPI1_MOSI
PA8.GPIOParameters=GPIO_Label
PA8.GPIO_Label=DCMI_XCLK
PA8.Mode=Clock-out-1
PA8.Signal=RCC_MCO_1
PA9.Mode=Activate_VBUS
PA9.Signal=USB_OTG_FS_VBUS
PB4.Mode=Full_Duplex_Master
PB4.Signal=SPI1_MISO
PB6.Mode=Slave_8_bits_External_Synchro
PB6.Signal=DCMI_D5
PB7.Mode=Slave_8_bits_External_Synchro
PB7.Signal=DCMI_VSYNC
PB8.GPIOParameters=GPIO_Label
PB8.GPIO_Label=SCCB_SCL_PIN
PB8.Mode=I2C
PB8.Signal=I2C1_SCL
PB9.GPIOParameters=GPIO_Label
PB9.GPIO_Label=SCCB_SDA_PIN
PB9.Mode=I2C
PB9.Signal=I2C1_SDA
PC4.GPIOParameters=GPIO_PuPd,GPIO_Label,GPIO_ModeDefaultOutputPP
PC4.GPIO_Label=SPI_CS
PC4.GPIO_ModeDefaultOutputPP=GPIO_MODE_OUTPUT_PP
PC4.GPIO_PuPd=GPIO_PULLDOWN
PC4.Locked=true
PC4.Signal=GPIO_Output
PC6.Mode=Slave_8_bits_External_Synchro
PC6.Signal=DCMI_D0
PC7.Mode=Slave_8_bits_External_Synchro
PC7.Signal=DCMI_D1
PC8.Mode=Slave_8_bits_External_Synchro
PC8.Signal=DCMI_D2
PC9.Mode=Slave_8_bits_External_Synchro
PC9.Signal=DCMI_D3
PCC.Checker=false
PCC.Line=STM32F407/417
PCC.MCU=STM32F407V(E-G)Tx
PCC.MXVersion=4.12.0
PCC.PartNumber=STM32F407VGTx
PCC.Seq0=0
PCC.Series=STM32F4
PCC.Temperature=25
PCC.Vdd=3.3
PD12.GPIOParameters=GPIO_PuPd,GPIO_Label
PD12.GPIO_Label=LED_GRN
PD12.GPIO_PuPd=GPIO_PULLDOWN
PD12.Locked=true
PD12.Signal=GPIO_Output
PD13.GPIOParameters=GPIO_PuPd,GPIO_Label
PD13.GPIO_Label=LED_ORG
PD13.GPIO_PuPd=GPIO_PULLDOWN
PD13.Locked=true
PD13.Signal=GPIO_Output
PD14.GPIOParameters=GPIO_PuPd,GPIO_Label
PD14.GPIO_Label=LED_RED
PD14.GPIO_PuPd=GPIO_PULLDOWN
PD14.Locked=true
PD14.Signal=GPIO_Output
PD15.GPIOParameters=GPIO_PuPd,GPIO_Label
PD15.GPIO_Label=LED_BLU
PD15.GPIO_PuPd=GPIO_PULLDOWN
PD15.Locked=true
PD15.Signal=GPIO_Output
PD8.GPIOParameters=GPIO_PuPd,GPIO_Label
PD8.GPIO_Label=DCMI_PWRDN_PIN
PD8.GPIO_PuPd=GPIO_PULLDOWN
PD8.Locked=true
PD8.Signal=GPIO_Output
PD9.GPIOParameters=GPIO_PuPd,GPIO_Label
PD9.GPIO_Label=DCMI_RST_PIN
PD9.GPIO_PuPd=GPIO_PULLDOWN
PD9.Locked=true
PD9.Signal=GPIO_Output
PE4.Mode=Slave_8_bits_External_Synchro
PE4.Signal=DCMI_D4
PE5.Mode=Slave_8_bits_External_Synchro
PE5.Signal=DCMI_D6
PE6.Mode=Slave_8_bits_External_Synchro
PE6.Signal=DCMI_D7
PH0-OSC_IN.Mode=HSE-External-Oscillator
PH0-OSC_IN.Signal=RCC_OSC_IN
PH1-OSC_OUT.Mode=HSE-External-Oscillator
PH1-OSC_OUT.Signal=RCC_OSC_OUT
ProjectManager.AskForMigrate=true
ProjectManager.BackupPrevious=false
ProjectManager.CompilerOptimize=2
ProjectManager.ComputerToolchain=false
ProjectManager.CoupleFile=true
ProjectManager.DeletePrevious=true
ProjectManager.DeviceId=STM32F407VGTx
ProjectManager.FirmwarePackage=STM32Cube FW_F4 V1.10.1
ProjectManager.FreePins=false
ProjectManager.HalAssertFull=false
ProjectManager.KeepUserCode=true
ProjectManager.LastFirmware=true
ProjectManager.LibraryCopy=1
ProjectManager.ProjectBuild=false
ProjectManager.ProjectFileName=camera2640.ioc
ProjectManager.ProjectName=camera2640
ProjectManager.TargetToolchain=SW4STM32
ProjectManager.ToolChainLocation=
RCC.48MHZClocksFreq_Value=48000000
RCC.AHBFreq_Value=96000000
RCC.APB1CLKDivider=RCC_HCLK_DIV4
RCC.APB1Freq_Value=24000000
RCC.APB1TimFreq_Value=48000000
RCC.APB2CLKDivider=RCC_HCLK_DIV4
RCC.APB2Freq_Value=24000000
RCC.APB2TimFreq_Value=48000000
RCC.CortexFreq_Value=96000000
RCC.EthernetFreq_Value=96000000
RCC.FCLKCortexFreq_Value=96000000
RCC.FamilyName=M
RCC.HCLKFreq_Value=96000000
RCC.HSE_VALUE=8000000
RCC.HSI_VALUE=16000000
RCC.I2SClocksFreq_Value=96000000
RCC.IPParameters=FamilyName,HSE_VALUE,RTCHSEDivFreq_Value,LSE_VALUE,HSI_VALUE,VCOInputFreq_Value,VCOOutputFreq_Value,PLLCLKFreq_Value,PLLQCLKFreq_Value,VCOI2SOutputFreq_Value,VcooutputI2S,I2SClocksFreq_Value,SYSCLKFreq_VALUE,AHBFreq_Value,CortexFreq_Value,APB1Freq_Value,APB2Freq_Value,LSI_VALUE,RTCFreq_Value,48MHZClocksFreq_Value,PLLM,SYSCLKSource,HCLKFreq_Value,FCLKCortexFreq_Value,APB1TimFreq_Value,APB2TimFreq_Value,EthernetFreq_Value,MCO2PinFreq_Value,APB1CLKDivider,APB2CLKDivider,RCC_MCO1Source,MCO1PinFreq_Value,RCC_MCODiv1
RCC.LSE_VALUE=32768
RCC.LSI_VALUE=32000
RCC.MCO1PinFreq_Value=24000000
RCC.MCO2PinFreq_Value=96000000
RCC.PLLCLKFreq_Value=96000000
RCC.PLLM=8
RCC.PLLQCLKFreq_Value=48000000
RCC.RCC_MCO1Source=RCC_MCO1SOURCE_PLLCLK
RCC.RCC_MCODiv1=RCC_MCODIV_4
RCC.RTCFreq_Value=32000
RCC.RTCHSEDivFreq_Value=4000000
RCC.SYSCLKFreq_VALUE=96000000
RCC.SYSCLKSource=RCC_SYSCLKSOURCE_PLLCLK
RCC.VCOI2SOutputFreq_Value=192000000
RCC.VCOInputFreq_Value=1000000
RCC.VCOOutputFreq_Value=192000000
RCC.VcooutputI2S=96000000
SPI1.BaudRatePrescaler=SPI_BAUDRATEPRESCALER_2
SPI1.CalculateBaudRate=12.0 MBits/s
SPI1.IPParameters=Mode,CalculateBaudRate,BaudRatePrescaler
SPI1.Mode=SPI_MODE_MASTER
USB_DEVICE.CLASS_NAME-CDC_FS=CDC
USB_DEVICE.IPParameters=VirtualMode-CDC_FS,VirtualModeFS,USBD_HandleTypeDef-CDC_FS,CLASS_NAME-CDC_FS
USB_DEVICE.USBD_HandleTypeDef-CDC_FS=hUsbDeviceFS
USB_DEVICE.VirtualMode-CDC_FS=Cdc
USB_DEVICE.VirtualModeFS=Cdc_FS
USB_OTG_FS.IPParameters=VirtualMode
USB_OTG_FS.VirtualMode=Device_Only
VP_USB_DEVICE_VS_USB_DEVICE_CDC_FS.Mode=CDC_FS
VP_USB_DEVICE_VS_USB_DEVICE_CDC_FS.Signal=USB_DEVICE_VS_USB_DEVICE_CDC_FS
board=camera2640
